// !$*UTF8*$!
{
	archiveVersion = 1;
	classes = {
	};
	objectVersion = 56;
	objects = {

/* Begin PBXBuildFile section */
		719863492C3C47920081BEED /* MyWalletApp.swift in Sources */ = {isa = PBXBuildFile; fileRef = 719863482C3C47920081BEED /* MyWalletApp.swift */; };
		7198634B2C3C47920081BEED /* ContentView.swift in Sources */ = {isa = PBXBuildFile; fileRef = 7198634A2C3C47920081BEED /* ContentView.swift */; };
		7198634D2C3C479F0081BEED /* Assets.xcassets in Resources */ = {isa = PBXBuildFile; fileRef = 7198634C2C3C479F0081BEED /* Assets.xcassets */; };
		719863512C3C479F0081BEED /* Preview Assets.xcassets in Resources */ = {isa = PBXBuildFile; fileRef = 719863502C3C479F0081BEED /* Preview Assets.xcassets */; };
		7198635B2C3C479F0081BEED /* MyWalletTests.swift in Sources */ = {isa = PBXBuildFile; fileRef = 7198635A2C3C479F0081BEED /* MyWalletTests.swift */; };
		719863752C3C48CC0081BEED /* BindingExtension.swift in Sources */ = {isa = PBXBuildFile; fileRef = 719863742C3C48CC0081BEED /* BindingExtension.swift */; };
		719863782C3C49030081BEED /* I18n.swift in Sources */ = {isa = PBXBuildFile; fileRef = 719863772C3C49030081BEED /* I18n.swift */; };
		7198637C2C3C49410081BEED /* HomeViewModel.swift in Sources */ = {isa = PBXBuildFile; fileRef = 7198637B2C3C49410081BEED /* HomeViewModel.swift */; };
		7198637E2C3C49710081BEED /* HomeView.swift in Sources */ = {isa = PBXBuildFile; fileRef = 7198637D2C3C49710081BEED /* HomeView.swift */; };
		719863852C3C4C210081BEED /* AppDelegate.swift in Sources */ = {isa = PBXBuildFile; fileRef = 719863842C3C4C210081BEED /* AppDelegate.swift */; };
		719863872C3C4C2F0081BEED /* SceneDelegate.swift in Sources */ = {isa = PBXBuildFile; fileRef = 719863862C3C4C2F0081BEED /* SceneDelegate.swift */; };
		7198638B2C3C74B70081BEED /* MyWalletBaseURL.swift in Sources */ = {isa = PBXBuildFile; fileRef = 7198638A2C3C74B70081BEED /* MyWalletBaseURL.swift */; };
		7198638D2C3C78310081BEED /* QuoteListRepository.swift in Sources */ = {isa = PBXBuildFile; fileRef = 7198638C2C3C78310081BEED /* QuoteListRepository.swift */; };
		719863902C3C789E0081BEED /* CoreApi.swift in Sources */ = {isa = PBXBuildFile; fileRef = 7198638F2C3C789E0081BEED /* CoreApi.swift */; };
		719863922C3C78FD0081BEED /* CoreApiProtocol.swift in Sources */ = {isa = PBXBuildFile; fileRef = 719863912C3C78FD0081BEED /* CoreApiProtocol.swift */; };
		719863942C3C794D0081BEED /* StringExtension.swift in Sources */ = {isa = PBXBuildFile; fileRef = 719863932C3C794D0081BEED /* StringExtension.swift */; };
		719863962C3C7A860081BEED /* MWLogger.swift in Sources */ = {isa = PBXBuildFile; fileRef = 719863952C3C7A860081BEED /* MWLogger.swift */; };
		7198639A2C3C7D1A0081BEED /* Localizable.strings in Resources */ = {isa = PBXBuildFile; fileRef = 719863982C3C7D1A0081BEED /* Localizable.strings */; };
		7198639F2C3CC4AD0081BEED /* QuoteListRepositoryProtocol.swift in Sources */ = {isa = PBXBuildFile; fileRef = 7198639E2C3CC4AD0081BEED /* QuoteListRepositoryProtocol.swift */; };
		719863A12C3CC82C0081BEED /* QuoteListResponse.swift in Sources */ = {isa = PBXBuildFile; fileRef = 719863A02C3CC82C0081BEED /* QuoteListResponse.swift */; };
		719863A32C3CCA7C0081BEED /* StockResponse.swift in Sources */ = {isa = PBXBuildFile; fileRef = 719863A22C3CCA7C0081BEED /* StockResponse.swift */; };
		719863A52C3CCA9E0081BEED /* StockIndexResponse.swift in Sources */ = {isa = PBXBuildFile; fileRef = 719863A42C3CCA9E0081BEED /* StockIndexResponse.swift */; };
		719863AA2C3CD3120081BEED /* QuotesUseCase.swift in Sources */ = {isa = PBXBuildFile; fileRef = 719863A92C3CD3120081BEED /* QuotesUseCase.swift */; };
		719863AD2C3CD3840081BEED /* QuotesUseCaseProtocol.swift in Sources */ = {isa = PBXBuildFile; fileRef = 719863AC2C3CD3840081BEED /* QuotesUseCaseProtocol.swift */; };
/* End PBXBuildFile section */

/* Begin PBXContainerItemProxy section */
		719863572C3C479F0081BEED /* PBXContainerItemProxy */ = {
			isa = PBXContainerItemProxy;
			containerPortal = 7198633D2C3C47920081BEED /* Project object */;
			proxyType = 1;
			remoteGlobalIDString = 719863442C3C47920081BEED;
			remoteInfo = MyWallet;
		};
/* End PBXContainerItemProxy section */

/* Begin PBXFileReference section */
		719863452C3C47920081BEED /* MyWallet.app */ = {isa = PBXFileReference; explicitFileType = wrapper.application; includeInIndex = 0; path = MyWallet.app; sourceTree = BUILT_PRODUCTS_DIR; };
		719863482C3C47920081BEED /* MyWalletApp.swift */ = {isa = PBXFileReference; lastKnownFileType = sourcecode.swift; path = MyWalletApp.swift; sourceTree = "<group>"; };
		7198634A2C3C47920081BEED /* ContentView.swift */ = {isa = PBXFileReference; lastKnownFileType = sourcecode.swift; path = ContentView.swift; sourceTree = "<group>"; };
		7198634C2C3C479F0081BEED /* Assets.xcassets */ = {isa = PBXFileReference; lastKnownFileType = folder.assetcatalog; path = Assets.xcassets; sourceTree = "<group>"; };
		7198634E2C3C479F0081BEED /* MyWallet.entitlements */ = {isa = PBXFileReference; lastKnownFileType = text.plist.entitlements; path = MyWallet.entitlements; sourceTree = "<group>"; };
		719863502C3C479F0081BEED /* Preview Assets.xcassets */ = {isa = PBXFileReference; lastKnownFileType = folder.assetcatalog; path = "Preview Assets.xcassets"; sourceTree = "<group>"; };
		719863562C3C479F0081BEED /* MyWalletTests.xctest */ = {isa = PBXFileReference; explicitFileType = wrapper.cfbundle; includeInIndex = 0; path = MyWalletTests.xctest; sourceTree = BUILT_PRODUCTS_DIR; };
		7198635A2C3C479F0081BEED /* MyWalletTests.swift */ = {isa = PBXFileReference; lastKnownFileType = sourcecode.swift; path = MyWalletTests.swift; sourceTree = "<group>"; };
		719863742C3C48CC0081BEED /* BindingExtension.swift */ = {isa = PBXFileReference; lastKnownFileType = sourcecode.swift; path = BindingExtension.swift; sourceTree = "<group>"; };
		719863772C3C49030081BEED /* I18n.swift */ = {isa = PBXFileReference; lastKnownFileType = sourcecode.swift; path = I18n.swift; sourceTree = "<group>"; };
		7198637B2C3C49410081BEED /* HomeViewModel.swift */ = {isa = PBXFileReference; lastKnownFileType = sourcecode.swift; path = HomeViewModel.swift; sourceTree = "<group>"; };
		7198637D2C3C49710081BEED /* HomeView.swift */ = {isa = PBXFileReference; lastKnownFileType = sourcecode.swift; path = HomeView.swift; sourceTree = "<group>"; };
		719863842C3C4C210081BEED /* AppDelegate.swift */ = {isa = PBXFileReference; lastKnownFileType = sourcecode.swift; path = AppDelegate.swift; sourceTree = "<group>"; };
		719863862C3C4C2F0081BEED /* SceneDelegate.swift */ = {isa = PBXFileReference; lastKnownFileType = sourcecode.swift; path = SceneDelegate.swift; sourceTree = "<group>"; };
		7198638A2C3C74B70081BEED /* MyWalletBaseURL.swift */ = {isa = PBXFileReference; lastKnownFileType = sourcecode.swift; path = MyWalletBaseURL.swift; sourceTree = "<group>"; };
		7198638C2C3C78310081BEED /* QuoteListRepository.swift */ = {isa = PBXFileReference; lastKnownFileType = sourcecode.swift; path = QuoteListRepository.swift; sourceTree = "<group>"; };
		7198638F2C3C789E0081BEED /* CoreApi.swift */ = {isa = PBXFileReference; lastKnownFileType = sourcecode.swift; path = CoreApi.swift; sourceTree = "<group>"; };
		719863912C3C78FD0081BEED /* CoreApiProtocol.swift */ = {isa = PBXFileReference; lastKnownFileType = sourcecode.swift; path = CoreApiProtocol.swift; sourceTree = "<group>"; };
		719863932C3C794D0081BEED /* StringExtension.swift */ = {isa = PBXFileReference; lastKnownFileType = sourcecode.swift; path = StringExtension.swift; sourceTree = "<group>"; };
		719863952C3C7A860081BEED /* MWLogger.swift */ = {isa = PBXFileReference; lastKnownFileType = sourcecode.swift; path = MWLogger.swift; sourceTree = "<group>"; };
		719863992C3C7D1A0081BEED /* en */ = {isa = PBXFileReference; lastKnownFileType = text.plist.strings; name = en; path = en.lproj/Localizable.strings; sourceTree = "<group>"; };
		7198639E2C3CC4AD0081BEED /* QuoteListRepositoryProtocol.swift */ = {isa = PBXFileReference; lastKnownFileType = sourcecode.swift; path = QuoteListRepositoryProtocol.swift; sourceTree = "<group>"; };
		719863A02C3CC82C0081BEED /* QuoteListResponse.swift */ = {isa = PBXFileReference; lastKnownFileType = sourcecode.swift; path = QuoteListResponse.swift; sourceTree = "<group>"; };
		719863A22C3CCA7C0081BEED /* StockResponse.swift */ = {isa = PBXFileReference; lastKnownFileType = sourcecode.swift; path = StockResponse.swift; sourceTree = "<group>"; };
		719863A42C3CCA9E0081BEED /* StockIndexResponse.swift */ = {isa = PBXFileReference; lastKnownFileType = sourcecode.swift; path = StockIndexResponse.swift; sourceTree = "<group>"; };
		719863A92C3CD3120081BEED /* QuotesUseCase.swift */ = {isa = PBXFileReference; lastKnownFileType = sourcecode.swift; path = QuotesUseCase.swift; sourceTree = "<group>"; };
		719863AC2C3CD3840081BEED /* QuotesUseCaseProtocol.swift */ = {isa = PBXFileReference; lastKnownFileType = sourcecode.swift; name = QuotesUseCaseProtocol.swift; path = MyWallet/Domain/UseCase/QuotesUseCaseProtocol.swift; sourceTree = SOURCE_ROOT; };
/* End PBXFileReference section */

/* Begin PBXFrameworksBuildPhase section */
		719863422C3C47920081BEED /* Frameworks */ = {
			isa = PBXFrameworksBuildPhase;
			buildActionMask = 2147483647;
			files = (
			);
			runOnlyForDeploymentPostprocessing = 0;
		};
		719863532C3C479F0081BEED /* Frameworks */ = {
			isa = PBXFrameworksBuildPhase;
			buildActionMask = 2147483647;
			files = (
			);
			runOnlyForDeploymentPostprocessing = 0;
		};
/* End PBXFrameworksBuildPhase section */

/* Begin PBXGroup section */
		7198633C2C3C47920081BEED = {
			isa = PBXGroup;
			children = (
				719863472C3C47920081BEED /* MyWallet */,
				719863592C3C479F0081BEED /* MyWalletTests */,
				719863462C3C47920081BEED /* Products */,
			);
			sourceTree = "<group>";
		};
		719863462C3C47920081BEED /* Products */ = {
			isa = PBXGroup;
			children = (
				719863452C3C47920081BEED /* MyWallet.app */,
				719863562C3C479F0081BEED /* MyWalletTests.xctest */,
			);
			name = Products;
			sourceTree = "<group>";
		};
		719863472C3C47920081BEED /* MyWallet */ = {
			isa = PBXGroup;
			children = (
				7198637F2C3C4A690081BEED /* Data */,
				719863A62C3CD2080081BEED /* Domain */,
				719863792C3C492A0081BEED /* Presentation */,
				719863AE2C3CE9500081BEED /* Util */,
				719863972C3C7D000081BEED /* Resources */,
				719863482C3C47920081BEED /* MyWalletApp.swift */,
				7198634A2C3C47920081BEED /* ContentView.swift */,
				7198634C2C3C479F0081BEED /* Assets.xcassets */,
				7198634E2C3C479F0081BEED /* MyWallet.entitlements */,
				7198634F2C3C479F0081BEED /* Preview Content */,
				719863842C3C4C210081BEED /* AppDelegate.swift */,
				719863862C3C4C2F0081BEED /* SceneDelegate.swift */,
			);
			path = MyWallet;
			sourceTree = "<group>";
		};
		7198634F2C3C479F0081BEED /* Preview Content */ = {
			isa = PBXGroup;
			children = (
				719863502C3C479F0081BEED /* Preview Assets.xcassets */,
			);
			path = "Preview Content";
			sourceTree = "<group>";
		};
		719863592C3C479F0081BEED /* MyWalletTests */ = {
			isa = PBXGroup;
			children = (
				7198635A2C3C479F0081BEED /* MyWalletTests.swift */,
			);
			path = MyWalletTests;
			sourceTree = "<group>";
		};
		719863732C3C487B0081BEED /* Extensions */ = {
			isa = PBXGroup;
			children = (
				719863742C3C48CC0081BEED /* BindingExtension.swift */,
				719863932C3C794D0081BEED /* StringExtension.swift */,
			);
			path = Extensions;
			sourceTree = "<group>";
		};
		719863792C3C492A0081BEED /* Presentation */ = {
			isa = PBXGroup;
			children = (
				7198637A2C3C49330081BEED /* Home */,
			);
			path = Presentation;
			sourceTree = "<group>";
		};
		7198637A2C3C49330081BEED /* Home */ = {
			isa = PBXGroup;
			children = (
				7198637D2C3C49710081BEED /* HomeView.swift */,
			);
			path = Home;
			sourceTree = "<group>";
		};
		7198637F2C3C4A690081BEED /* Data */ = {
			isa = PBXGroup;
			children = (
				7198638E2C3C78930081BEED /* Core */,
				719863832C3C4BD80081BEED /* Model */,
				719863812C3C4BAD0081BEED /* Repositories */,
				7198638A2C3C74B70081BEED /* MyWalletBaseURL.swift */,
			);
			path = Data;
			sourceTree = "<group>";
		};
		719863812C3C4BAD0081BEED /* Repositories */ = {
			isa = PBXGroup;
			children = (
				7198639D2C3CC40E0081BEED /* Protocols */,
				7198638C2C3C78310081BEED /* QuoteListRepository.swift */,
			);
			path = Repositories;
			sourceTree = "<group>";
		};
		719863832C3C4BD80081BEED /* Model */ = {
			isa = PBXGroup;
			children = (
				719863A02C3CC82C0081BEED /* QuoteListResponse.swift */,
				719863A22C3CCA7C0081BEED /* StockResponse.swift */,
				719863A42C3CCA9E0081BEED /* StockIndexResponse.swift */,
			);
			path = Model;
			sourceTree = "<group>";
		};
		7198638E2C3C78930081BEED /* Core */ = {
			isa = PBXGroup;
			children = (
				7198638F2C3C789E0081BEED /* CoreApi.swift */,
				719863912C3C78FD0081BEED /* CoreApiProtocol.swift */,
			);
			path = Core;
			sourceTree = "<group>";
		};
		719863972C3C7D000081BEED /* Resources */ = {
			isa = PBXGroup;
			children = (
				719863982C3C7D1A0081BEED /* Localizable.strings */,
			);
			path = Resources;
			sourceTree = "<group>";
		};
		7198639D2C3CC40E0081BEED /* Protocols */ = {
			isa = PBXGroup;
			children = (
				7198639E2C3CC4AD0081BEED /* QuoteListRepositoryProtocol.swift */,
			);
			path = Protocols;
			sourceTree = "<group>";
		};
		719863A62C3CD2080081BEED /* Domain */ = {
			isa = PBXGroup;
			children = (
				719863A82C3CD2C50081BEED /* ViewModel */,
				719863A72C3CD22C0081BEED /* UseCase */,
			);
			path = Domain;
			sourceTree = "<group>";
		};
		719863A72C3CD22C0081BEED /* UseCase */ = {
			isa = PBXGroup;
			children = (
				719863AB2C3CD3740081BEED /* Protocols */,
				719863A92C3CD3120081BEED /* QuotesUseCase.swift */,
			);
			path = UseCase;
			sourceTree = "<group>";
		};
		719863A82C3CD2C50081BEED /* ViewModel */ = {
			isa = PBXGroup;
			children = (
				7198637B2C3C49410081BEED /* HomeViewModel.swift */,
			);
			path = ViewModel;
			sourceTree = "<group>";
		};
		719863AB2C3CD3740081BEED /* Protocols */ = {
			isa = PBXGroup;
			children = (
				719863AC2C3CD3840081BEED /* QuotesUseCaseProtocol.swift */,
			);
			name = Protocols;
			path = "New Group";
			sourceTree = "<group>";
		};
		719863AE2C3CE9500081BEED /* Util */ = {
			isa = PBXGroup;
			children = (
				719863732C3C487B0081BEED /* Extensions */,
				719863952C3C7A860081BEED /* MWLogger.swift */,
				719863772C3C49030081BEED /* I18n.swift */,
			);
			path = Util;
			sourceTree = "<group>";
		};
/* End PBXGroup section */

/* Begin PBXNativeTarget section */
		719863442C3C47920081BEED /* MyWallet */ = {
			isa = PBXNativeTarget;
			buildConfigurationList = 7198636A2C3C479F0081BEED /* Build configuration list for PBXNativeTarget "MyWallet" */;
			buildPhases = (
				719863412C3C47920081BEED /* Sources */,
				719863422C3C47920081BEED /* Frameworks */,
				719863432C3C47920081BEED /* Resources */,
			);
			buildRules = (
			);
			dependencies = (
			);
			name = MyWallet;
			productName = MyWallet;
			productReference = 719863452C3C47920081BEED /* MyWallet.app */;
			productType = "com.apple.product-type.application";
		};
		719863552C3C479F0081BEED /* MyWalletTests */ = {
			isa = PBXNativeTarget;
			buildConfigurationList = 7198636D2C3C479F0081BEED /* Build configuration list for PBXNativeTarget "MyWalletTests" */;
			buildPhases = (
				719863522C3C479F0081BEED /* Sources */,
				719863532C3C479F0081BEED /* Frameworks */,
				719863542C3C479F0081BEED /* Resources */,
			);
			buildRules = (
			);
			dependencies = (
				719863582C3C479F0081BEED /* PBXTargetDependency */,
			);
			name = MyWalletTests;
			productName = MyWalletTests;
			productReference = 719863562C3C479F0081BEED /* MyWalletTests.xctest */;
			productType = "com.apple.product-type.bundle.unit-test";
		};
/* End PBXNativeTarget section */

/* Begin PBXProject section */
		7198633D2C3C47920081BEED /* Project object */ = {
			isa = PBXProject;
			attributes = {
				BuildIndependentTargetsInParallel = 1;
				LastSwiftUpdateCheck = 1540;
				LastUpgradeCheck = 1540;
				TargetAttributes = {
					719863442C3C47920081BEED = {
						CreatedOnToolsVersion = 15.4;
					};
					719863552C3C479F0081BEED = {
						CreatedOnToolsVersion = 15.4;
						TestTargetID = 719863442C3C47920081BEED;
					};
				};
			};
			buildConfigurationList = 719863402C3C47920081BEED /* Build configuration list for PBXProject "MyWallet" */;
			compatibilityVersion = "Xcode 14.0";
			developmentRegion = en;
			hasScannedForEncodings = 0;
			knownRegions = (
				en,
				Base,
			);
			mainGroup = 7198633C2C3C47920081BEED;
			productRefGroup = 719863462C3C47920081BEED /* Products */;
			projectDirPath = "";
			projectRoot = "";
			targets = (
				719863442C3C47920081BEED /* MyWallet */,
				719863552C3C479F0081BEED /* MyWalletTests */,
			);
		};
/* End PBXProject section */

/* Begin PBXResourcesBuildPhase section */
		719863432C3C47920081BEED /* Resources */ = {
			isa = PBXResourcesBuildPhase;
			buildActionMask = 2147483647;
			files = (
				719863512C3C479F0081BEED /* Preview Assets.xcassets in Resources */,
				7198639A2C3C7D1A0081BEED /* Localizable.strings in Resources */,
				7198634D2C3C479F0081BEED /* Assets.xcassets in Resources */,
			);
			runOnlyForDeploymentPostprocessing = 0;
		};
		719863542C3C479F0081BEED /* Resources */ = {
			isa = PBXResourcesBuildPhase;
			buildActionMask = 2147483647;
			files = (
			);
			runOnlyForDeploymentPostprocessing = 0;
		};
/* End PBXResourcesBuildPhase section */

/* Begin PBXSourcesBuildPhase section */
		719863412C3C47920081BEED /* Sources */ = {
			isa = PBXSourcesBuildPhase;
			buildActionMask = 2147483647;
			files = (
				719863752C3C48CC0081BEED /* BindingExtension.swift in Sources */,
				719863782C3C49030081BEED /* I18n.swift in Sources */,
				719863A52C3CCA9E0081BEED /* StockIndexResponse.swift in Sources */,
				7198634B2C3C47920081BEED /* ContentView.swift in Sources */,
				7198637E2C3C49710081BEED /* HomeView.swift in Sources */,
				719863902C3C789E0081BEED /* CoreApi.swift in Sources */,
				719863AD2C3CD3840081BEED /* QuotesUseCaseProtocol.swift in Sources */,
				719863922C3C78FD0081BEED /* CoreApiProtocol.swift in Sources */,
				719863852C3C4C210081BEED /* AppDelegate.swift in Sources */,
				7198637C2C3C49410081BEED /* HomeViewModel.swift in Sources */,
				719863492C3C47920081BEED /* MyWalletApp.swift in Sources */,
				7198638B2C3C74B70081BEED /* MyWalletBaseURL.swift in Sources */,
				7198639F2C3CC4AD0081BEED /* QuoteListRepositoryProtocol.swift in Sources */,
				719863A12C3CC82C0081BEED /* QuoteListResponse.swift in Sources */,
				719863A32C3CCA7C0081BEED /* StockResponse.swift in Sources */,
				7198638D2C3C78310081BEED /* QuoteListRepository.swift in Sources */,
				719863962C3C7A860081BEED /* MWLogger.swift in Sources */,
				719863942C3C794D0081BEED /* StringExtension.swift in Sources */,
				719863872C3C4C2F0081BEED /* SceneDelegate.swift in Sources */,
				719863AA2C3CD3120081BEED /* QuotesUseCase.swift in Sources */,
			);
			runOnlyForDeploymentPostprocessing = 0;
		};
		719863522C3C479F0081BEED /* Sources */ = {
			isa = PBXSourcesBuildPhase;
			buildActionMask = 2147483647;
			files = (
				7198635B2C3C479F0081BEED /* MyWalletTests.swift in Sources */,
			);
			runOnlyForDeploymentPostprocessing = 0;
		};
/* End PBXSourcesBuildPhase section */

/* Begin PBXTargetDependency section */
		719863582C3C479F0081BEED /* PBXTargetDependency */ = {
			isa = PBXTargetDependency;
			target = 719863442C3C47920081BEED /* MyWallet */;
			targetProxy = 719863572C3C479F0081BEED /* PBXContainerItemProxy */;
		};
/* End PBXTargetDependency section */

/* Begin PBXVariantGroup section */
		719863982C3C7D1A0081BEED /* Localizable.strings */ = {
			isa = PBXVariantGroup;
			children = (
				719863992C3C7D1A0081BEED /* en */,
			);
			name = Localizable.strings;
			sourceTree = "<group>";
		};
/* End PBXVariantGroup section */

/* Begin XCBuildConfiguration section */
		719863682C3C479F0081BEED /* Debug */ = {
			isa = XCBuildConfiguration;
			buildSettings = {
				ALWAYS_SEARCH_USER_PATHS = NO;
				ASSETCATALOG_COMPILER_GENERATE_SWIFT_ASSET_SYMBOL_EXTENSIONS = YES;
				CLANG_ANALYZER_NONNULL = YES;
				CLANG_ANALYZER_NUMBER_OBJECT_CONVERSION = YES_AGGRESSIVE;
				CLANG_CXX_LANGUAGE_STANDARD = "gnu++20";
				CLANG_ENABLE_MODULES = YES;
				CLANG_ENABLE_OBJC_ARC = YES;
				CLANG_ENABLE_OBJC_WEAK = YES;
				CLANG_WARN_BLOCK_CAPTURE_AUTORELEASING = YES;
				CLANG_WARN_BOOL_CONVERSION = YES;
				CLANG_WARN_COMMA = YES;
				CLANG_WARN_CONSTANT_CONVERSION = YES;
				CLANG_WARN_DEPRECATED_OBJC_IMPLEMENTATIONS = YES;
				CLANG_WARN_DIRECT_OBJC_ISA_USAGE = YES_ERROR;
				CLANG_WARN_DOCUMENTATION_COMMENTS = YES;
				CLANG_WARN_EMPTY_BODY = YES;
				CLANG_WARN_ENUM_CONVERSION = YES;
				CLANG_WARN_INFINITE_RECURSION = YES;
				CLANG_WARN_INT_CONVERSION = YES;
				CLANG_WARN_NON_LITERAL_NULL_CONVERSION = YES;
				CLANG_WARN_OBJC_IMPLICIT_RETAIN_SELF = YES;
				CLANG_WARN_OBJC_LITERAL_CONVERSION = YES;
				CLANG_WARN_OBJC_ROOT_CLASS = YES_ERROR;
				CLANG_WARN_QUOTED_INCLUDE_IN_FRAMEWORK_HEADER = YES;
				CLANG_WARN_RANGE_LOOP_ANALYSIS = YES;
				CLANG_WARN_STRICT_PROTOTYPES = YES;
				CLANG_WARN_SUSPICIOUS_MOVE = YES;
				CLANG_WARN_UNGUARDED_AVAILABILITY = YES_AGGRESSIVE;
				CLANG_WARN_UNREACHABLE_CODE = YES;
				CLANG_WARN__DUPLICATE_METHOD_MATCH = YES;
				COPY_PHASE_STRIP = NO;
				DEBUG_INFORMATION_FORMAT = dwarf;
				ENABLE_STRICT_OBJC_MSGSEND = YES;
				ENABLE_TESTABILITY = YES;
				ENABLE_USER_SCRIPT_SANDBOXING = YES;
				GCC_C_LANGUAGE_STANDARD = gnu17;
				GCC_DYNAMIC_NO_PIC = NO;
				GCC_NO_COMMON_BLOCKS = YES;
				GCC_OPTIMIZATION_LEVEL = 0;
				GCC_PREPROCESSOR_DEFINITIONS = (
					"DEBUG=1",
					"$(inherited)",
				);
				GCC_WARN_64_TO_32_BIT_CONVERSION = YES;
				GCC_WARN_ABOUT_RETURN_TYPE = YES_ERROR;
				GCC_WARN_UNDECLARED_SELECTOR = YES;
				GCC_WARN_UNINITIALIZED_AUTOS = YES_AGGRESSIVE;
				GCC_WARN_UNUSED_FUNCTION = YES;
				GCC_WARN_UNUSED_VARIABLE = YES;
				LOCALIZATION_PREFERS_STRING_CATALOGS = YES;
				MTL_ENABLE_DEBUG_INFO = INCLUDE_SOURCE;
				MTL_FAST_MATH = YES;
				ONLY_ACTIVE_ARCH = YES;
				SWIFT_ACTIVE_COMPILATION_CONDITIONS = "DEBUG $(inherited)";
				SWIFT_OPTIMIZATION_LEVEL = "-Onone";
			};
			name = Debug;
		};
		719863692C3C479F0081BEED /* Release */ = {
			isa = XCBuildConfiguration;
			buildSettings = {
				ALWAYS_SEARCH_USER_PATHS = NO;
				ASSETCATALOG_COMPILER_GENERATE_SWIFT_ASSET_SYMBOL_EXTENSIONS = YES;
				CLANG_ANALYZER_NONNULL = YES;
				CLANG_ANALYZER_NUMBER_OBJECT_CONVERSION = YES_AGGRESSIVE;
				CLANG_CXX_LANGUAGE_STANDARD = "gnu++20";
				CLANG_ENABLE_MODULES = YES;
				CLANG_ENABLE_OBJC_ARC = YES;
				CLANG_ENABLE_OBJC_WEAK = YES;
				CLANG_WARN_BLOCK_CAPTURE_AUTORELEASING = YES;
				CLANG_WARN_BOOL_CONVERSION = YES;
				CLANG_WARN_COMMA = YES;
				CLANG_WARN_CONSTANT_CONVERSION = YES;
				CLANG_WARN_DEPRECATED_OBJC_IMPLEMENTATIONS = YES;
				CLANG_WARN_DIRECT_OBJC_ISA_USAGE = YES_ERROR;
				CLANG_WARN_DOCUMENTATION_COMMENTS = YES;
				CLANG_WARN_EMPTY_BODY = YES;
				CLANG_WARN_ENUM_CONVERSION = YES;
				CLANG_WARN_INFINITE_RECURSION = YES;
				CLANG_WARN_INT_CONVERSION = YES;
				CLANG_WARN_NON_LITERAL_NULL_CONVERSION = YES;
				CLANG_WARN_OBJC_IMPLICIT_RETAIN_SELF = YES;
				CLANG_WARN_OBJC_LITERAL_CONVERSION = YES;
				CLANG_WARN_OBJC_ROOT_CLASS = YES_ERROR;
				CLANG_WARN_QUOTED_INCLUDE_IN_FRAMEWORK_HEADER = YES;
				CLANG_WARN_RANGE_LOOP_ANALYSIS = YES;
				CLANG_WARN_STRICT_PROTOTYPES = YES;
				CLANG_WARN_SUSPICIOUS_MOVE = YES;
				CLANG_WARN_UNGUARDED_AVAILABILITY = YES_AGGRESSIVE;
				CLANG_WARN_UNREACHABLE_CODE = YES;
				CLANG_WARN__DUPLICATE_METHOD_MATCH = YES;
				COPY_PHASE_STRIP = NO;
				DEBUG_INFORMATION_FORMAT = "dwarf-with-dsym";
				ENABLE_NS_ASSERTIONS = NO;
				ENABLE_STRICT_OBJC_MSGSEND = YES;
				ENABLE_USER_SCRIPT_SANDBOXING = YES;
				GCC_C_LANGUAGE_STANDARD = gnu17;
				GCC_NO_COMMON_BLOCKS = YES;
				GCC_WARN_64_TO_32_BIT_CONVERSION = YES;
				GCC_WARN_ABOUT_RETURN_TYPE = YES_ERROR;
				GCC_WARN_UNDECLARED_SELECTOR = YES;
				GCC_WARN_UNINITIALIZED_AUTOS = YES_AGGRESSIVE;
				GCC_WARN_UNUSED_FUNCTION = YES;
				GCC_WARN_UNUSED_VARIABLE = YES;
				LOCALIZATION_PREFERS_STRING_CATALOGS = YES;
				MTL_ENABLE_DEBUG_INFO = NO;
				MTL_FAST_MATH = YES;
				SWIFT_COMPILATION_MODE = wholemodule;
			};
			name = Release;
		};
		7198636B2C3C479F0081BEED /* Debug */ = {
			isa = XCBuildConfiguration;
			buildSettings = {
				ASSETCATALOG_COMPILER_APPICON_NAME = AppIcon;
				ASSETCATALOG_COMPILER_GLOBAL_ACCENT_COLOR_NAME = AccentColor;
				CODE_SIGN_ENTITLEMENTS = MyWallet/MyWallet.entitlements;
				CODE_SIGN_STYLE = Automatic;
				CURRENT_PROJECT_VERSION = 1;
				DEVELOPMENT_ASSET_PATHS = "\"MyWallet/Preview Content\"";
				ENABLE_PREVIEWS = YES;
				GENERATE_INFOPLIST_FILE = YES;
				"INFOPLIST_KEY_UIApplicationSceneManifest_Generation[sdk=iphoneos*]" = YES;
				"INFOPLIST_KEY_UIApplicationSceneManifest_Generation[sdk=iphonesimulator*]" = YES;
				"INFOPLIST_KEY_UIApplicationSupportsIndirectInputEvents[sdk=iphoneos*]" = YES;
				"INFOPLIST_KEY_UIApplicationSupportsIndirectInputEvents[sdk=iphonesimulator*]" = YES;
				"INFOPLIST_KEY_UILaunchScreen_Generation[sdk=iphoneos*]" = YES;
				"INFOPLIST_KEY_UILaunchScreen_Generation[sdk=iphonesimulator*]" = YES;
				"INFOPLIST_KEY_UIStatusBarStyle[sdk=iphoneos*]" = UIStatusBarStyleDefault;
				"INFOPLIST_KEY_UIStatusBarStyle[sdk=iphonesimulator*]" = UIStatusBarStyleDefault;
				INFOPLIST_KEY_UISupportedInterfaceOrientations_iPad = "UIInterfaceOrientationPortrait UIInterfaceOrientationPortraitUpsideDown UIInterfaceOrientationLandscapeLeft UIInterfaceOrientationLandscapeRight";
				INFOPLIST_KEY_UISupportedInterfaceOrientations_iPhone = "UIInterfaceOrientationPortrait UIInterfaceOrientationLandscapeLeft UIInterfaceOrientationLandscapeRight";
				IPHONEOS_DEPLOYMENT_TARGET = 17.5;
				LD_RUNPATH_SEARCH_PATHS = "@executable_path/Frameworks";
				"LD_RUNPATH_SEARCH_PATHS[sdk=macosx*]" = "@executable_path/../Frameworks";
				MACOSX_DEPLOYMENT_TARGET = 14.5;
				MARKETING_VERSION = 1.0;
				PRODUCT_BUNDLE_IDENTIFIER = dbcCompany.MyWallet;
				PRODUCT_NAME = "$(TARGET_NAME)";
				SDKROOT = auto;
				SUPPORTED_PLATFORMS = "iphoneos iphonesimulator macosx";
				SWIFT_EMIT_LOC_STRINGS = YES;
				SWIFT_VERSION = 5.0;
				TARGETED_DEVICE_FAMILY = "1,2";
			};
			name = Debug;
		};
		7198636C2C3C479F0081BEED /* Release */ = {
			isa = XCBuildConfiguration;
			buildSettings = {
				ASSETCATALOG_COMPILER_APPICON_NAME = AppIcon;
				ASSETCATALOG_COMPILER_GLOBAL_ACCENT_COLOR_NAME = AccentColor;
				CODE_SIGN_ENTITLEMENTS = MyWallet/MyWallet.entitlements;
				CODE_SIGN_STYLE = Automatic;
				CURRENT_PROJECT_VERSION = 1;
				DEVELOPMENT_ASSET_PATHS = "\"MyWallet/Preview Content\"";
				ENABLE_PREVIEWS = YES;
				GENERATE_INFOPLIST_FILE = YES;
				"INFOPLIST_KEY_UIApplicationSceneManifest_Generation[sdk=iphoneos*]" = YES;
				"INFOPLIST_KEY_UIApplicationSceneManifest_Generation[sdk=iphonesimulator*]" = YES;
				"INFOPLIST_KEY_UIApplicationSupportsIndirectInputEvents[sdk=iphoneos*]" = YES;
				"INFOPLIST_KEY_UIApplicationSupportsIndirectInputEvents[sdk=iphonesimulator*]" = YES;
				"INFOPLIST_KEY_UILaunchScreen_Generation[sdk=iphoneos*]" = YES;
				"INFOPLIST_KEY_UILaunchScreen_Generation[sdk=iphonesimulator*]" = YES;
				"INFOPLIST_KEY_UIStatusBarStyle[sdk=iphoneos*]" = UIStatusBarStyleDefault;
				"INFOPLIST_KEY_UIStatusBarStyle[sdk=iphonesimulator*]" = UIStatusBarStyleDefault;
				INFOPLIST_KEY_UISupportedInterfaceOrientations_iPad = "UIInterfaceOrientationPortrait UIInterfaceOrientationPortraitUpsideDown UIInterfaceOrientationLandscapeLeft UIInterfaceOrientationLandscapeRight";
				INFOPLIST_KEY_UISupportedInterfaceOrientations_iPhone = "UIInterfaceOrientationPortrait UIInterfaceOrientationLandscapeLeft UIInterfaceOrientationLandscapeRight";
				IPHONEOS_DEPLOYMENT_TARGET = 17.5;
				LD_RUNPATH_SEARCH_PATHS = "@executable_path/Frameworks";
				"LD_RUNPATH_SEARCH_PATHS[sdk=macosx*]" = "@executable_path/../Frameworks";
				MACOSX_DEPLOYMENT_TARGET = 14.5;
				MARKETING_VERSION = 1.0;
				PRODUCT_BUNDLE_IDENTIFIER = dbcCompany.MyWallet;
				PRODUCT_NAME = "$(TARGET_NAME)";
				SDKROOT = auto;
				SUPPORTED_PLATFORMS = "iphoneos iphonesimulator macosx";
				SWIFT_EMIT_LOC_STRINGS = YES;
				SWIFT_VERSION = 5.0;
				TARGETED_DEVICE_FAMILY = "1,2";
			};
			name = Release;
		};
		7198636E2C3C479F0081BEED /* Debug */ = {
			isa = XCBuildConfiguration;
			buildSettings = {
				ALWAYS_EMBED_SWIFT_STANDARD_LIBRARIES = YES;
				BUNDLE_LOADER = "$(TEST_HOST)";
				CODE_SIGN_STYLE = Automatic;
				CURRENT_PROJECT_VERSION = 1;
				GENERATE_INFOPLIST_FILE = YES;
				IPHONEOS_DEPLOYMENT_TARGET = 17.5;
				MACOSX_DEPLOYMENT_TARGET = 14.5;
				MARKETING_VERSION = 1.0;
				PRODUCT_BUNDLE_IDENTIFIER = dbcCompany.MyWalletTests;
				PRODUCT_NAME = "$(TARGET_NAME)";
				SDKROOT = auto;
				SUPPORTED_PLATFORMS = "iphoneos iphonesimulator macosx";
				SWIFT_EMIT_LOC_STRINGS = NO;
				SWIFT_VERSION = 5.0;
				TARGETED_DEVICE_FAMILY = "1,2";
				TEST_HOST = "$(BUILT_PRODUCTS_DIR)/MyWallet.app/$(BUNDLE_EXECUTABLE_FOLDER_PATH)/MyWallet";
			};
			name = Debug;
		};
		7198636F2C3C479F0081BEED /* Release */ = {
			isa = XCBuildConfiguration;
			buildSettings = {
				ALWAYS_EMBED_SWIFT_STANDARD_LIBRARIES = YES;
				BUNDLE_LOADER = "$(TEST_HOST)";
				CODE_SIGN_STYLE = Automatic;
				CURRENT_PROJECT_VERSION = 1;
				GENERATE_INFOPLIST_FILE = YES;
				IPHONEOS_DEPLOYMENT_TARGET = 17.5;
				MACOSX_DEPLOYMENT_TARGET = 14.5;
				MARKETING_VERSION = 1.0;
				PRODUCT_BUNDLE_IDENTIFIER = dbcCompany.MyWalletTests;
				PRODUCT_NAME = "$(TARGET_NAME)";
				SDKROOT = auto;
				SUPPORTED_PLATFORMS = "iphoneos iphonesimulator macosx";
				SWIFT_EMIT_LOC_STRINGS = NO;
				SWIFT_VERSION = 5.0;
				TARGETED_DEVICE_FAMILY = "1,2";
				TEST_HOST = "$(BUILT_PRODUCTS_DIR)/MyWallet.app/$(BUNDLE_EXECUTABLE_FOLDER_PATH)/MyWallet";
			};
			name = Release;
		};
/* End XCBuildConfiguration section */

/* Begin XCConfigurationList section */
		719863402C3C47920081BEED /* Build configuration list for PBXProject "MyWallet" */ = {
			isa = XCConfigurationList;
			buildConfigurations = (
				719863682C3C479F0081BEED /* Debug */,
				719863692C3C479F0081BEED /* Release */,
			);
			defaultConfigurationIsVisible = 0;
			defaultConfigurationName = Release;
		};
		7198636A2C3C479F0081BEED /* Build configuration list for PBXNativeTarget "MyWallet" */ = {
			isa = XCConfigurationList;
			buildConfigurations = (
				7198636B2C3C479F0081BEED /* Debug */,
				7198636C2C3C479F0081BEED /* Release */,
			);
			defaultConfigurationIsVisible = 0;
			defaultConfigurationName = Release;
		};
		7198636D2C3C479F0081BEED /* Build configuration list for PBXNativeTarget "MyWalletTests" */ = {
			isa = XCConfigurationList;
			buildConfigurations = (
				7198636E2C3C479F0081BEED /* Debug */,
				7198636F2C3C479F0081BEED /* Release */,
			);
			defaultConfigurationIsVisible = 0;
			defaultConfigurationName = Release;
		};
/* End XCConfigurationList section */
	};
	rootObject = 7198633D2C3C47920081BEED /* Project object */;
}
