// !$*UTF8*$!
{
	archiveVersion = 1;
	classes = {
	};
	objectVersion = 56;
	objects = {

/* Begin PBXBuildFile section */
		719863492C3C47920081BEED /* MyWalletApp.swift in Sources */ = {isa = PBXBuildFile; fileRef = 719863482C3C47920081BEED /* MyWalletApp.swift */; };
		7198634B2C3C47920081BEED /* ContentView.swift in Sources */ = {isa = PBXBuildFile; fileRef = 7198634A2C3C47920081BEED /* ContentView.swift */; };
		7198634D2C3C479F0081BEED /* Assets.xcassets in Resources */ = {isa = PBXBuildFile; fileRef = 7198634C2C3C479F0081BEED /* Assets.xcassets */; };
		719863512C3C479F0081BEED /* Preview Assets.xcassets in Resources */ = {isa = PBXBuildFile; fileRef = 719863502C3C479F0081BEED /* Preview Assets.xcassets */; };
		7198635B2C3C479F0081BEED /* MyWalletTests.swift in Sources */ = {isa = PBXBuildFile; fileRef = 7198635A2C3C479F0081BEED /* MyWalletTests.swift */; };
		719863652C3C479F0081BEED /* MyWalletUITests.swift in Sources */ = {isa = PBXBuildFile; fileRef = 719863642C3C479F0081BEED /* MyWalletUITests.swift */; };
		719863672C3C479F0081BEED /* MyWalletUITestsLaunchTests.swift in Sources */ = {isa = PBXBuildFile; fileRef = 719863662C3C479F0081BEED /* MyWalletUITestsLaunchTests.swift */; };
/* End PBXBuildFile section */

/* Begin PBXContainerItemProxy section */
		719863572C3C479F0081BEED /* PBXContainerItemProxy */ = {
			isa = PBXContainerItemProxy;
			containerPortal = 7198633D2C3C47920081BEED /* Project object */;
			proxyType = 1;
			remoteGlobalIDString = 719863442C3C47920081BEED;
			remoteInfo = MyWallet;
		};
		719863612C3C479F0081BEED /* PBXContainerItemProxy */ = {
			isa = PBXContainerItemProxy;
			containerPortal = 7198633D2C3C47920081BEED /* Project object */;
			proxyType = 1;
			remoteGlobalIDString = 719863442C3C47920081BEED;
			remoteInfo = MyWallet;
		};
/* End PBXContainerItemProxy section */

/* Begin PBXFileReference section */
		719863452C3C47920081BEED /* MyWallet.app */ = {isa = PBXFileReference; explicitFileType = wrapper.application; includeInIndex = 0; path = MyWallet.app; sourceTree = BUILT_PRODUCTS_DIR; };
		719863482C3C47920081BEED /* MyWalletApp.swift */ = {isa = PBXFileReference; lastKnownFileType = sourcecode.swift; path = MyWalletApp.swift; sourceTree = "<group>"; };
		7198634A2C3C47920081BEED /* ContentView.swift */ = {isa = PBXFileReference; lastKnownFileType = sourcecode.swift; path = ContentView.swift; sourceTree = "<group>"; };
		7198634C2C3C479F0081BEED /* Assets.xcassets */ = {isa = PBXFileReference; lastKnownFileType = folder.assetcatalog; path = Assets.xcassets; sourceTree = "<group>"; };
		7198634E2C3C479F0081BEED /* MyWallet.entitlements */ = {isa = PBXFileReference; lastKnownFileType = text.plist.entitlements; path = MyWallet.entitlements; sourceTree = "<group>"; };
		719863502C3C479F0081BEED /* Preview Assets.xcassets */ = {isa = PBXFileReference; lastKnownFileType = folder.assetcatalog; path = "Preview Assets.xcassets"; sourceTree = "<group>"; };
		719863562C3C479F0081BEED /* MyWalletTests.xctest */ = {isa = PBXFileReference; explicitFileType = wrapper.cfbundle; includeInIndex = 0; path = MyWalletTests.xctest; sourceTree = BUILT_PRODUCTS_DIR; };
		7198635A2C3C479F0081BEED /* MyWalletTests.swift */ = {isa = PBXFileReference; lastKnownFileType = sourcecode.swift; path = MyWalletTests.swift; sourceTree = "<group>"; };
		719863602C3C479F0081BEED /* MyWalletUITests.xctest */ = {isa = PBXFileReference; explicitFileType = wrapper.cfbundle; includeInIndex = 0; path = MyWalletUITests.xctest; sourceTree = BUILT_PRODUCTS_DIR; };
		719863642C3C479F0081BEED /* MyWalletUITests.swift */ = {isa = PBXFileReference; lastKnownFileType = sourcecode.swift; path = MyWalletUITests.swift; sourceTree = "<group>"; };
		719863662C3C479F0081BEED /* MyWalletUITestsLaunchTests.swift */ = {isa = PBXFileReference; lastKnownFileType = sourcecode.swift; path = MyWalletUITestsLaunchTests.swift; sourceTree = "<group>"; };
/* End PBXFileReference section */

/* Begin PBXFrameworksBuildPhase section */
		719863422C3C47920081BEED /* Frameworks */ = {
			isa = PBXFrameworksBuildPhase;
			buildActionMask = 2147483647;
			files = (
			);
			runOnlyForDeploymentPostprocessing = 0;
		};
		719863532C3C479F0081BEED /* Frameworks */ = {
			isa = PBXFrameworksBuildPhase;
			buildActionMask = 2147483647;
			files = (
			);
			runOnlyForDeploymentPostprocessing = 0;
		};
		7198635D2C3C479F0081BEED /* Frameworks */ = {
			isa = PBXFrameworksBuildPhase;
			buildActionMask = 2147483647;
			files = (
			);
			runOnlyForDeploymentPostprocessing = 0;
		};
/* End PBXFrameworksBuildPhase section */

/* Begin PBXGroup section */
		7198633C2C3C47920081BEED = {
			isa = PBXGroup;
			children = (
				719863472C3C47920081BEED /* MyWallet */,
				719863592C3C479F0081BEED /* MyWalletTests */,
				719863632C3C479F0081BEED /* MyWalletUITests */,
				719863462C3C47920081BEED /* Products */,
			);
			sourceTree = "<group>";
		};
		719863462C3C47920081BEED /* Products */ = {
			isa = PBXGroup;
			children = (
				719863452C3C47920081BEED /* MyWallet.app */,
				719863562C3C479F0081BEED /* MyWalletTests.xctest */,
				719863602C3C479F0081BEED /* MyWalletUITests.xctest */,
			);
			name = Products;
			sourceTree = "<group>";
		};
		719863472C3C47920081BEED /* MyWallet */ = {
			isa = PBXGroup;
			children = (
				719863482C3C47920081BEED /* MyWalletApp.swift */,
				7198634A2C3C47920081BEED /* ContentView.swift */,
				7198634C2C3C479F0081BEED /* Assets.xcassets */,
				7198634E2C3C479F0081BEED /* MyWallet.entitlements */,
				7198634F2C3C479F0081BEED /* Preview Content */,
			);
			path = MyWallet;
			sourceTree = "<group>";
		};
		7198634F2C3C479F0081BEED /* Preview Content */ = {
			isa = PBXGroup;
			children = (
				719863502C3C479F0081BEED /* Preview Assets.xcassets */,
			);
			path = "Preview Content";
			sourceTree = "<group>";
		};
		719863592C3C479F0081BEED /* MyWalletTests */ = {
			isa = PBXGroup;
			children = (
				7198635A2C3C479F0081BEED /* MyWalletTests.swift */,
			);
			path = MyWalletTests;
			sourceTree = "<group>";
		};
		719863632C3C479F0081BEED /* MyWalletUITests */ = {
			isa = PBXGroup;
			children = (
				719863642C3C479F0081BEED /* MyWalletUITests.swift */,
				719863662C3C479F0081BEED /* MyWalletUITestsLaunchTests.swift */,
			);
			path = MyWalletUITests;
			sourceTree = "<group>";
		};
/* End PBXGroup section */

/* Begin PBXNativeTarget section */
		719863442C3C47920081BEED /* MyWallet */ = {
			isa = PBXNativeTarget;
			buildConfigurationList = 7198636A2C3C479F0081BEED /* Build configuration list for PBXNativeTarget "MyWallet" */;
			buildPhases = (
				719863412C3C47920081BEED /* Sources */,
				719863422C3C47920081BEED /* Frameworks */,
				719863432C3C47920081BEED /* Resources */,
			);
			buildRules = (
			);
			dependencies = (
			);
			name = MyWallet;
			productName = MyWallet;
			productReference = 719863452C3C47920081BEED /* MyWallet.app */;
			productType = "com.apple.product-type.application";
		};
		719863552C3C479F0081BEED /* MyWalletTests */ = {
			isa = PBXNativeTarget;
			buildConfigurationList = 7198636D2C3C479F0081BEED /* Build configuration list for PBXNativeTarget "MyWalletTests" */;
			buildPhases = (
				719863522C3C479F0081BEED /* Sources */,
				719863532C3C479F0081BEED /* Frameworks */,
				719863542C3C479F0081BEED /* Resources */,
			);
			buildRules = (
			);
			dependencies = (
				719863582C3C479F0081BEED /* PBXTargetDependency */,
			);
			name = MyWalletTests;
			productName = MyWalletTests;
			productReference = 719863562C3C479F0081BEED /* MyWalletTests.xctest */;
			productType = "com.apple.product-type.bundle.unit-test";
		};
		7198635F2C3C479F0081BEED /* MyWalletUITests */ = {
			isa = PBXNativeTarget;
			buildConfigurationList = 719863702C3C479F0081BEED /* Build configuration list for PBXNativeTarget "MyWalletUITests" */;
			buildPhases = (
				7198635C2C3C479F0081BEED /* Sources */,
				7198635D2C3C479F0081BEED /* Frameworks */,
				7198635E2C3C479F0081BEED /* Resources */,
			);
			buildRules = (
			);
			dependencies = (
				719863622C3C479F0081BEED /* PBXTargetDependency */,
			);
			name = MyWalletUITests;
			productName = MyWalletUITests;
			productReference = 719863602C3C479F0081BEED /* MyWalletUITests.xctest */;
			productType = "com.apple.product-type.bundle.ui-testing";
		};
/* End PBXNativeTarget section */

/* Begin PBXProject section */
		7198633D2C3C47920081BEED /* Project object */ = {
			isa = PBXProject;
			attributes = {
				BuildIndependentTargetsInParallel = 1;
				LastSwiftUpdateCheck = 1540;
				LastUpgradeCheck = 1540;
				TargetAttributes = {
					719863442C3C47920081BEED = {
						CreatedOnToolsVersion = 15.4;
					};
					719863552C3C479F0081BEED = {
						CreatedOnToolsVersion = 15.4;
						TestTargetID = 719863442C3C47920081BEED;
					};
					7198635F2C3C479F0081BEED = {
						CreatedOnToolsVersion = 15.4;
						TestTargetID = 719863442C3C47920081BEED;
					};
				};
			};
			buildConfigurationList = 719863402C3C47920081BEED /* Build configuration list for PBXProject "MyWallet" */;
			compatibilityVersion = "Xcode 14.0";
			developmentRegion = en;
			hasScannedForEncodings = 0;
			knownRegions = (
				en,
				Base,
			);
			mainGroup = 7198633C2C3C47920081BEED;
			productRefGroup = 719863462C3C47920081BEED /* Products */;
			projectDirPath = "";
			projectRoot = "";
			targets = (
				719863442C3C47920081BEED /* MyWallet */,
				719863552C3C479F0081BEED /* MyWalletTests */,
				7198635F2C3C479F0081BEED /* MyWalletUITests */,
			);
		};
/* End PBXProject section */

/* Begin PBXResourcesBuildPhase section */
		719863432C3C47920081BEED /* Resources */ = {
			isa = PBXResourcesBuildPhase;
			buildActionMask = 2147483647;
			files = (
				719863512C3C479F0081BEED /* Preview Assets.xcassets in Resources */,
				7198634D2C3C479F0081BEED /* Assets.xcassets in Resources */,
			);
			runOnlyForDeploymentPostprocessing = 0;
		};
		719863542C3C479F0081BEED /* Resources */ = {
			isa = PBXResourcesBuildPhase;
			buildActionMask = 2147483647;
			files = (
			);
			runOnlyForDeploymentPostprocessing = 0;
		};
		7198635E2C3C479F0081BEED /* Resources */ = {
			isa = PBXResourcesBuildPhase;
			buildActionMask = 2147483647;
			files = (
			);
			runOnlyForDeploymentPostprocessing = 0;
		};
/* End PBXResourcesBuildPhase section */

/* Begin PBXSourcesBuildPhase section */
		719863412C3C47920081BEED /* Sources */ = {
			isa = PBXSourcesBuildPhase;
			buildActionMask = 2147483647;
			files = (
				7198634B2C3C47920081BEED /* ContentView.swift in Sources */,
				719863492C3C47920081BEED /* MyWalletApp.swift in Sources */,
			);
			runOnlyForDeploymentPostprocessing = 0;
		};
		719863522C3C479F0081BEED /* Sources */ = {
			isa = PBXSourcesBuildPhase;
			buildActionMask = 2147483647;
			files = (
				7198635B2C3C479F0081BEED /* MyWalletTests.swift in Sources */,
			);
			runOnlyForDeploymentPostprocessing = 0;
		};
		7198635C2C3C479F0081BEED /* Sources */ = {
			isa = PBXSourcesBuildPhase;
			buildActionMask = 2147483647;
			files = (
				719863672C3C479F0081BEED /* MyWalletUITestsLaunchTests.swift in Sources */,
				719863652C3C479F0081BEED /* MyWalletUITests.swift in Sources */,
			);
			runOnlyForDeploymentPostprocessing = 0;
		};
/* End PBXSourcesBuildPhase section */

/* Begin PBXTargetDependency section */
		719863582C3C479F0081BEED /* PBXTargetDependency */ = {
			isa = PBXTargetDependency;
			target = 719863442C3C47920081BEED /* MyWallet */;
			targetProxy = 719863572C3C479F0081BEED /* PBXContainerItemProxy */;
		};
		719863622C3C479F0081BEED /* PBXTargetDependency */ = {
			isa = PBXTargetDependency;
			target = 719863442C3C47920081BEED /* MyWallet */;
			targetProxy = 719863612C3C479F0081BEED /* PBXContainerItemProxy */;
		};
/* End PBXTargetDependency section */

/* Begin XCBuildConfiguration section */
		719863682C3C479F0081BEED /* Debug */ = {
			isa = XCBuildConfiguration;
			buildSettings = {
				ALWAYS_SEARCH_USER_PATHS = NO;
				ASSETCATALOG_COMPILER_GENERATE_SWIFT_ASSET_SYMBOL_EXTENSIONS = YES;
				CLANG_ANALYZER_NONNULL = YES;
				CLANG_ANALYZER_NUMBER_OBJECT_CONVERSION = YES_AGGRESSIVE;
				CLANG_CXX_LANGUAGE_STANDARD = "gnu++20";
				CLANG_ENABLE_MODULES = YES;
				CLANG_ENABLE_OBJC_ARC = YES;
				CLANG_ENABLE_OBJC_WEAK = YES;
				CLANG_WARN_BLOCK_CAPTURE_AUTORELEASING = YES;
				CLANG_WARN_BOOL_CONVERSION = YES;
				CLANG_WARN_COMMA = YES;
				CLANG_WARN_CONSTANT_CONVERSION = YES;
				CLANG_WARN_DEPRECATED_OBJC_IMPLEMENTATIONS = YES;
				CLANG_WARN_DIRECT_OBJC_ISA_USAGE = YES_ERROR;
				CLANG_WARN_DOCUMENTATION_COMMENTS = YES;
				CLANG_WARN_EMPTY_BODY = YES;
				CLANG_WARN_ENUM_CONVERSION = YES;
				CLANG_WARN_INFINITE_RECURSION = YES;
				CLANG_WARN_INT_CONVERSION = YES;
				CLANG_WARN_NON_LITERAL_NULL_CONVERSION = YES;
				CLANG_WARN_OBJC_IMPLICIT_RETAIN_SELF = YES;
				CLANG_WARN_OBJC_LITERAL_CONVERSION = YES;
				CLANG_WARN_OBJC_ROOT_CLASS = YES_ERROR;
				CLANG_WARN_QUOTED_INCLUDE_IN_FRAMEWORK_HEADER = YES;
				CLANG_WARN_RANGE_LOOP_ANALYSIS = YES;
				CLANG_WARN_STRICT_PROTOTYPES = YES;
				CLANG_WARN_SUSPICIOUS_MOVE = YES;
				CLANG_WARN_UNGUARDED_AVAILABILITY = YES_AGGRESSIVE;
				CLANG_WARN_UNREACHABLE_CODE = YES;
				CLANG_WARN__DUPLICATE_METHOD_MATCH = YES;
				COPY_PHASE_STRIP = NO;
				DEBUG_INFORMATION_FORMAT = dwarf;
				ENABLE_STRICT_OBJC_MSGSEND = YES;
				ENABLE_TESTABILITY = YES;
				ENABLE_USER_SCRIPT_SANDBOXING = YES;
				GCC_C_LANGUAGE_STANDARD = gnu17;
				GCC_DYNAMIC_NO_PIC = NO;
				GCC_NO_COMMON_BLOCKS = YES;
				GCC_OPTIMIZATION_LEVEL = 0;
				GCC_PREPROCESSOR_DEFINITIONS = (
					"DEBUG=1",
					"$(inherited)",
				);
				GCC_WARN_64_TO_32_BIT_CONVERSION = YES;
				GCC_WARN_ABOUT_RETURN_TYPE = YES_ERROR;
				GCC_WARN_UNDECLARED_SELECTOR = YES;
				GCC_WARN_UNINITIALIZED_AUTOS = YES_AGGRESSIVE;
				GCC_WARN_UNUSED_FUNCTION = YES;
				GCC_WARN_UNUSED_VARIABLE = YES;
				LOCALIZATION_PREFERS_STRING_CATALOGS = YES;
				MTL_ENABLE_DEBUG_INFO = INCLUDE_SOURCE;
				MTL_FAST_MATH = YES;
				ONLY_ACTIVE_ARCH = YES;
				SWIFT_ACTIVE_COMPILATION_CONDITIONS = "DEBUG $(inherited)";
				SWIFT_OPTIMIZATION_LEVEL = "-Onone";
			};
			name = Debug;
		};
		719863692C3C479F0081BEED /* Release */ = {
			isa = XCBuildConfiguration;
			buildSettings = {
				ALWAYS_SEARCH_USER_PATHS = NO;
				ASSETCATALOG_COMPILER_GENERATE_SWIFT_ASSET_SYMBOL_EXTENSIONS = YES;
				CLANG_ANALYZER_NONNULL = YES;
				CLANG_ANALYZER_NUMBER_OBJECT_CONVERSION = YES_AGGRESSIVE;
				CLANG_CXX_LANGUAGE_STANDARD = "gnu++20";
				CLANG_ENABLE_MODULES = YES;
				CLANG_ENABLE_OBJC_ARC = YES;
				CLANG_ENABLE_OBJC_WEAK = YES;
				CLANG_WARN_BLOCK_CAPTURE_AUTORELEASING = YES;
				CLANG_WARN_BOOL_CONVERSION = YES;
				CLANG_WARN_COMMA = YES;
				CLANG_WARN_CONSTANT_CONVERSION = YES;
				CLANG_WARN_DEPRECATED_OBJC_IMPLEMENTATIONS = YES;
				CLANG_WARN_DIRECT_OBJC_ISA_USAGE = YES_ERROR;
				CLANG_WARN_DOCUMENTATION_COMMENTS = YES;
				CLANG_WARN_EMPTY_BODY = YES;
				CLANG_WARN_ENUM_CONVERSION = YES;
				CLANG_WARN_INFINITE_RECURSION = YES;
				CLANG_WARN_INT_CONVERSION = YES;
				CLANG_WARN_NON_LITERAL_NULL_CONVERSION = YES;
				CLANG_WARN_OBJC_IMPLICIT_RETAIN_SELF = YES;
				CLANG_WARN_OBJC_LITERAL_CONVERSION = YES;
				CLANG_WARN_OBJC_ROOT_CLASS = YES_ERROR;
				CLANG_WARN_QUOTED_INCLUDE_IN_FRAMEWORK_HEADER = YES;
				CLANG_WARN_RANGE_LOOP_ANALYSIS = YES;
				CLANG_WARN_STRICT_PROTOTYPES = YES;
				CLANG_WARN_SUSPICIOUS_MOVE = YES;
				CLANG_WARN_UNGUARDED_AVAILABILITY = YES_AGGRESSIVE;
				CLANG_WARN_UNREACHABLE_CODE = YES;
				CLANG_WARN__DUPLICATE_METHOD_MATCH = YES;
				COPY_PHASE_STRIP = NO;
				DEBUG_INFORMATION_FORMAT = "dwarf-with-dsym";
				ENABLE_NS_ASSERTIONS = NO;
				ENABLE_STRICT_OBJC_MSGSEND = YES;
				ENABLE_USER_SCRIPT_SANDBOXING = YES;
				GCC_C_LANGUAGE_STANDARD = gnu17;
				GCC_NO_COMMON_BLOCKS = YES;
				GCC_WARN_64_TO_32_BIT_CONVERSION = YES;
				GCC_WARN_ABOUT_RETURN_TYPE = YES_ERROR;
				GCC_WARN_UNDECLARED_SELECTOR = YES;
				GCC_WARN_UNINITIALIZED_AUTOS = YES_AGGRESSIVE;
				GCC_WARN_UNUSED_FUNCTION = YES;
				GCC_WARN_UNUSED_VARIABLE = YES;
				LOCALIZATION_PREFERS_STRING_CATALOGS = YES;
				MTL_ENABLE_DEBUG_INFO = NO;
				MTL_FAST_MATH = YES;
				SWIFT_COMPILATION_MODE = wholemodule;
			};
			name = Release;
		};
		7198636B2C3C479F0081BEED /* Debug */ = {
			isa = XCBuildConfiguration;
			buildSettings = {
				ASSETCATALOG_COMPILER_APPICON_NAME = AppIcon;
				ASSETCATALOG_COMPILER_GLOBAL_ACCENT_COLOR_NAME = AccentColor;
				CODE_SIGN_ENTITLEMENTS = MyWallet/MyWallet.entitlements;
				CODE_SIGN_STYLE = Automatic;
				CURRENT_PROJECT_VERSION = 1;
				DEVELOPMENT_ASSET_PATHS = "\"MyWallet/Preview Content\"";
				ENABLE_PREVIEWS = YES;
				GENERATE_INFOPLIST_FILE = YES;
				"INFOPLIST_KEY_UIApplicationSceneManifest_Generation[sdk=iphoneos*]" = YES;
				"INFOPLIST_KEY_UIApplicationSceneManifest_Generation[sdk=iphonesimulator*]" = YES;
				"INFOPLIST_KEY_UIApplicationSupportsIndirectInputEvents[sdk=iphoneos*]" = YES;
				"INFOPLIST_KEY_UIApplicationSupportsIndirectInputEvents[sdk=iphonesimulator*]" = YES;
				"INFOPLIST_KEY_UILaunchScreen_Generation[sdk=iphoneos*]" = YES;
				"INFOPLIST_KEY_UILaunchScreen_Generation[sdk=iphonesimulator*]" = YES;
				"INFOPLIST_KEY_UIStatusBarStyle[sdk=iphoneos*]" = UIStatusBarStyleDefault;
				"INFOPLIST_KEY_UIStatusBarStyle[sdk=iphonesimulator*]" = UIStatusBarStyleDefault;
				INFOPLIST_KEY_UISupportedInterfaceOrientations_iPad = "UIInterfaceOrientationPortrait UIInterfaceOrientationPortraitUpsideDown UIInterfaceOrientationLandscapeLeft UIInterfaceOrientationLandscapeRight";
				INFOPLIST_KEY_UISupportedInterfaceOrientations_iPhone = "UIInterfaceOrientationPortrait UIInterfaceOrientationLandscapeLeft UIInterfaceOrientationLandscapeRight";
				IPHONEOS_DEPLOYMENT_TARGET = 17.5;
				LD_RUNPATH_SEARCH_PATHS = "@executable_path/Frameworks";
				"LD_RUNPATH_SEARCH_PATHS[sdk=macosx*]" = "@executable_path/../Frameworks";
				MACOSX_DEPLOYMENT_TARGET = 14.5;
				MARKETING_VERSION = 1.0;
				PRODUCT_BUNDLE_IDENTIFIER = dbcCompany.MyWallet;
				PRODUCT_NAME = "$(TARGET_NAME)";
				SDKROOT = auto;
				SUPPORTED_PLATFORMS = "iphoneos iphonesimulator macosx";
				SWIFT_EMIT_LOC_STRINGS = YES;
				SWIFT_VERSION = 5.0;
				TARGETED_DEVICE_FAMILY = "1,2";
			};
			name = Debug;
		};
		7198636C2C3C479F0081BEED /* Release */ = {
			isa = XCBuildConfiguration;
			buildSettings = {
				ASSETCATALOG_COMPILER_APPICON_NAME = AppIcon;
				ASSETCATALOG_COMPILER_GLOBAL_ACCENT_COLOR_NAME = AccentColor;
				CODE_SIGN_ENTITLEMENTS = MyWallet/MyWallet.entitlements;
				CODE_SIGN_STYLE = Automatic;
				CURRENT_PROJECT_VERSION = 1;
				DEVELOPMENT_ASSET_PATHS = "\"MyWallet/Preview Content\"";
				ENABLE_PREVIEWS = YES;
				GENERATE_INFOPLIST_FILE = YES;
				"INFOPLIST_KEY_UIApplicationSceneManifest_Generation[sdk=iphoneos*]" = YES;
				"INFOPLIST_KEY_UIApplicationSceneManifest_Generation[sdk=iphonesimulator*]" = YES;
				"INFOPLIST_KEY_UIApplicationSupportsIndirectInputEvents[sdk=iphoneos*]" = YES;
				"INFOPLIST_KEY_UIApplicationSupportsIndirectInputEvents[sdk=iphonesimulator*]" = YES;
				"INFOPLIST_KEY_UILaunchScreen_Generation[sdk=iphoneos*]" = YES;
				"INFOPLIST_KEY_UILaunchScreen_Generation[sdk=iphonesimulator*]" = YES;
				"INFOPLIST_KEY_UIStatusBarStyle[sdk=iphoneos*]" = UIStatusBarStyleDefault;
				"INFOPLIST_KEY_UIStatusBarStyle[sdk=iphonesimulator*]" = UIStatusBarStyleDefault;
				INFOPLIST_KEY_UISupportedInterfaceOrientations_iPad = "UIInterfaceOrientationPortrait UIInterfaceOrientationPortraitUpsideDown UIInterfaceOrientationLandscapeLeft UIInterfaceOrientationLandscapeRight";
				INFOPLIST_KEY_UISupportedInterfaceOrientations_iPhone = "UIInterfaceOrientationPortrait UIInterfaceOrientationLandscapeLeft UIInterfaceOrientationLandscapeRight";
				IPHONEOS_DEPLOYMENT_TARGET = 17.5;
				LD_RUNPATH_SEARCH_PATHS = "@executable_path/Frameworks";
				"LD_RUNPATH_SEARCH_PATHS[sdk=macosx*]" = "@executable_path/../Frameworks";
				MACOSX_DEPLOYMENT_TARGET = 14.5;
				MARKETING_VERSION = 1.0;
				PRODUCT_BUNDLE_IDENTIFIER = dbcCompany.MyWallet;
				PRODUCT_NAME = "$(TARGET_NAME)";
				SDKROOT = auto;
				SUPPORTED_PLATFORMS = "iphoneos iphonesimulator macosx";
				SWIFT_EMIT_LOC_STRINGS = YES;
				SWIFT_VERSION = 5.0;
				TARGETED_DEVICE_FAMILY = "1,2";
			};
			name = Release;
		};
		7198636E2C3C479F0081BEED /* Debug */ = {
			isa = XCBuildConfiguration;
			buildSettings = {
				ALWAYS_EMBED_SWIFT_STANDARD_LIBRARIES = YES;
				BUNDLE_LOADER = "$(TEST_HOST)";
				CODE_SIGN_STYLE = Automatic;
				CURRENT_PROJECT_VERSION = 1;
				GENERATE_INFOPLIST_FILE = YES;
				IPHONEOS_DEPLOYMENT_TARGET = 17.5;
				MACOSX_DEPLOYMENT_TARGET = 14.5;
				MARKETING_VERSION = 1.0;
				PRODUCT_BUNDLE_IDENTIFIER = dbcCompany.MyWalletTests;
				PRODUCT_NAME = "$(TARGET_NAME)";
				SDKROOT = auto;
				SUPPORTED_PLATFORMS = "iphoneos iphonesimulator macosx";
				SWIFT_EMIT_LOC_STRINGS = NO;
				SWIFT_VERSION = 5.0;
				TARGETED_DEVICE_FAMILY = "1,2";
				TEST_HOST = "$(BUILT_PRODUCTS_DIR)/MyWallet.app/$(BUNDLE_EXECUTABLE_FOLDER_PATH)/MyWallet";
			};
			name = Debug;
		};
		7198636F2C3C479F0081BEED /* Release */ = {
			isa = XCBuildConfiguration;
			buildSettings = {
				ALWAYS_EMBED_SWIFT_STANDARD_LIBRARIES = YES;
				BUNDLE_LOADER = "$(TEST_HOST)";
				CODE_SIGN_STYLE = Automatic;
				CURRENT_PROJECT_VERSION = 1;
				GENERATE_INFOPLIST_FILE = YES;
				IPHONEOS_DEPLOYMENT_TARGET = 17.5;
				MACOSX_DEPLOYMENT_TARGET = 14.5;
				MARKETING_VERSION = 1.0;
				PRODUCT_BUNDLE_IDENTIFIER = dbcCompany.MyWalletTests;
				PRODUCT_NAME = "$(TARGET_NAME)";
				SDKROOT = auto;
				SUPPORTED_PLATFORMS = "iphoneos iphonesimulator macosx";
				SWIFT_EMIT_LOC_STRINGS = NO;
				SWIFT_VERSION = 5.0;
				TARGETED_DEVICE_FAMILY = "1,2";
				TEST_HOST = "$(BUILT_PRODUCTS_DIR)/MyWallet.app/$(BUNDLE_EXECUTABLE_FOLDER_PATH)/MyWallet";
			};
			name = Release;
		};
		719863712C3C479F0081BEED /* Debug */ = {
			isa = XCBuildConfiguration;
			buildSettings = {
				ALWAYS_EMBED_SWIFT_STANDARD_LIBRARIES = YES;
				CODE_SIGN_STYLE = Automatic;
				CURRENT_PROJECT_VERSION = 1;
				GENERATE_INFOPLIST_FILE = YES;
				IPHONEOS_DEPLOYMENT_TARGET = 17.5;
				MACOSX_DEPLOYMENT_TARGET = 14.5;
				MARKETING_VERSION = 1.0;
				PRODUCT_BUNDLE_IDENTIFIER = dbcCompany.MyWalletUITests;
				PRODUCT_NAME = "$(TARGET_NAME)";
				SDKROOT = auto;
				SUPPORTED_PLATFORMS = "iphoneos iphonesimulator macosx";
				SWIFT_EMIT_LOC_STRINGS = NO;
				SWIFT_VERSION = 5.0;
				TARGETED_DEVICE_FAMILY = "1,2";
				TEST_TARGET_NAME = MyWallet;
			};
			name = Debug;
		};
		719863722C3C479F0081BEED /* Release */ = {
			isa = XCBuildConfiguration;
			buildSettings = {
				ALWAYS_EMBED_SWIFT_STANDARD_LIBRARIES = YES;
				CODE_SIGN_STYLE = Automatic;
				CURRENT_PROJECT_VERSION = 1;
				GENERATE_INFOPLIST_FILE = YES;
				IPHONEOS_DEPLOYMENT_TARGET = 17.5;
				MACOSX_DEPLOYMENT_TARGET = 14.5;
				MARKETING_VERSION = 1.0;
				PRODUCT_BUNDLE_IDENTIFIER = dbcCompany.MyWalletUITests;
				PRODUCT_NAME = "$(TARGET_NAME)";
				SDKROOT = auto;
				SUPPORTED_PLATFORMS = "iphoneos iphonesimulator macosx";
				SWIFT_EMIT_LOC_STRINGS = NO;
				SWIFT_VERSION = 5.0;
				TARGETED_DEVICE_FAMILY = "1,2";
				TEST_TARGET_NAME = MyWallet;
			};
			name = Release;
		};
/* End XCBuildConfiguration section */

/* Begin XCConfigurationList section */
		719863402C3C47920081BEED /* Build configuration list for PBXProject "MyWallet" */ = {
			isa = XCConfigurationList;
			buildConfigurations = (
				719863682C3C479F0081BEED /* Debug */,
				719863692C3C479F0081BEED /* Release */,
			);
			defaultConfigurationIsVisible = 0;
			defaultConfigurationName = Release;
		};
		7198636A2C3C479F0081BEED /* Build configuration list for PBXNativeTarget "MyWallet" */ = {
			isa = XCConfigurationList;
			buildConfigurations = (
				7198636B2C3C479F0081BEED /* Debug */,
				7198636C2C3C479F0081BEED /* Release */,
			);
			defaultConfigurationIsVisible = 0;
			defaultConfigurationName = Release;
		};
		7198636D2C3C479F0081BEED /* Build configuration list for PBXNativeTarget "MyWalletTests" */ = {
			isa = XCConfigurationList;
			buildConfigurations = (
				7198636E2C3C479F0081BEED /* Debug */,
				7198636F2C3C479F0081BEED /* Release */,
			);
			defaultConfigurationIsVisible = 0;
			defaultConfigurationName = Release;
		};
		719863702C3C479F0081BEED /* Build configuration list for PBXNativeTarget "MyWalletUITests" */ = {
			isa = XCConfigurationList;
			buildConfigurations = (
				719863712C3C479F0081BEED /* Debug */,
				719863722C3C479F0081BEED /* Release */,
			);
			defaultConfigurationIsVisible = 0;
			defaultConfigurationName = Release;
		};
/* End XCConfigurationList section */
	};
	rootObject = 7198633D2C3C47920081BEED /* Project object */;
}
